// !$*UTF8*$!
{
	archiveVersion = 1;
	classes = {
	};
	objectVersion = 50;
	objects = {

/* Begin PBXBuildFile section */
		A00CD1A920E3FECB002E7599 /* AppDelegate.m in Sources */ = {isa = PBXBuildFile; fileRef = A00CD1A820E3FECB002E7599 /* AppDelegate.m */; };
		A00CD1AC20E3FECC002E7599 /* ViewController.m in Sources */ = {isa = PBXBuildFile; fileRef = A00CD1AB20E3FECC002E7599 /* ViewController.m */; };
		A00CD1AF20E3FECC002E7599 /* Main.storyboard in Resources */ = {isa = PBXBuildFile; fileRef = A00CD1AD20E3FECC002E7599 /* Main.storyboard */; };
		A00CD1B120E3FECC002E7599 /* Assets.xcassets in Resources */ = {isa = PBXBuildFile; fileRef = A00CD1B020E3FECC002E7599 /* Assets.xcassets */; };
		A00CD1B420E3FECC002E7599 /* LaunchScreen.storyboard in Resources */ = {isa = PBXBuildFile; fileRef = A00CD1B220E3FECC002E7599 /* LaunchScreen.storyboard */; };
		A00CD1B720E3FECC002E7599 /* main.m in Sources */ = {isa = PBXBuildFile; fileRef = A00CD1B620E3FECC002E7599 /* main.m */; };
		A00CD1C120E3FECD002E7599 /* sampleCodeTests.m in Sources */ = {isa = PBXBuildFile; fileRef = A00CD1C020E3FECD002E7599 /* sampleCodeTests.m */; };
		A00CD1CC20E3FECD002E7599 /* sampleCodeUITests.m in Sources */ = {isa = PBXBuildFile; fileRef = A00CD1CB20E3FECD002E7599 /* sampleCodeUITests.m */; };
/* End PBXBuildFile section */

/* Begin PBXContainerItemProxy section */
		A00CD1BD20E3FECC002E7599 /* PBXContainerItemProxy */ = {
			isa = PBXContainerItemProxy;
			containerPortal = A00CD19C20E3FECB002E7599 /* Project object */;
			proxyType = 1;
			remoteGlobalIDString = A00CD1A320E3FECB002E7599;
			remoteInfo = sampleCode;
		};
		A00CD1C820E3FECD002E7599 /* PBXContainerItemProxy */ = {
			isa = PBXContainerItemProxy;
			containerPortal = A00CD19C20E3FECB002E7599 /* Project object */;
			proxyType = 1;
			remoteGlobalIDString = A00CD1A320E3FECB002E7599;
			remoteInfo = sampleCode;
		};
/* End PBXContainerItemProxy section */

/* Begin PBXFileReference section */
		A00CD1A420E3FECB002E7599 /* sampleCode.app */ = {isa = PBXFileReference; explicitFileType = wrapper.application; includeInIndex = 0; path = sampleCode.app; sourceTree = BUILT_PRODUCTS_DIR; };
		A00CD1A720E3FECB002E7599 /* AppDelegate.h */ = {isa = PBXFileReference; lastKnownFileType = sourcecode.c.h; path = AppDelegate.h; sourceTree = "<group>"; };
		A00CD1A820E3FECB002E7599 /* AppDelegate.m */ = {isa = PBXFileReference; lastKnownFileType = sourcecode.c.objc; path = AppDelegate.m; sourceTree = "<group>"; };
		A00CD1AA20E3FECB002E7599 /* ViewController.h */ = {isa = PBXFileReference; lastKnownFileType = sourcecode.c.h; path = ViewController.h; sourceTree = "<group>"; };
		A00CD1AB20E3FECC002E7599 /* ViewController.m */ = {isa = PBXFileReference; lastKnownFileType = sourcecode.c.objc; path = ViewController.m; sourceTree = "<group>"; };
		A00CD1AE20E3FECC002E7599 /* Base */ = {isa = PBXFileReference; lastKnownFileType = file.storyboard; name = Base; path = Base.lproj/Main.storyboard; sourceTree = "<group>"; };
		A00CD1B020E3FECC002E7599 /* Assets.xcassets */ = {isa = PBXFileReference; lastKnownFileType = folder.assetcatalog; path = Assets.xcassets; sourceTree = "<group>"; };
		A00CD1B320E3FECC002E7599 /* Base */ = {isa = PBXFileReference; lastKnownFileType = file.storyboard; name = Base; path = Base.lproj/LaunchScreen.storyboard; sourceTree = "<group>"; };
		A00CD1B520E3FECC002E7599 /* Info.plist */ = {isa = PBXFileReference; lastKnownFileType = text.plist.xml; path = Info.plist; sourceTree = "<group>"; };
		A00CD1B620E3FECC002E7599 /* main.m */ = {isa = PBXFileReference; lastKnownFileType = sourcecode.c.objc; path = main.m; sourceTree = "<group>"; };
		A00CD1BC20E3FECC002E7599 /* sampleCodeTests.xctest */ = {isa = PBXFileReference; explicitFileType = wrapper.cfbundle; includeInIndex = 0; path = sampleCodeTests.xctest; sourceTree = BUILT_PRODUCTS_DIR; };
		A00CD1C020E3FECD002E7599 /* sampleCodeTests.m */ = {isa = PBXFileReference; lastKnownFileType = sourcecode.c.objc; path = sampleCodeTests.m; sourceTree = "<group>"; };
		A00CD1C220E3FECD002E7599 /* Info.plist */ = {isa = PBXFileReference; lastKnownFileType = text.plist.xml; path = Info.plist; sourceTree = "<group>"; };
		A00CD1C720E3FECD002E7599 /* sampleCodeUITests.xctest */ = {isa = PBXFileReference; explicitFileType = wrapper.cfbundle; includeInIndex = 0; path = sampleCodeUITests.xctest; sourceTree = BUILT_PRODUCTS_DIR; };
		A00CD1CB20E3FECD002E7599 /* sampleCodeUITests.m */ = {isa = PBXFileReference; lastKnownFileType = sourcecode.c.objc; path = sampleCodeUITests.m; sourceTree = "<group>"; };
		A00CD1CD20E3FECD002E7599 /* Info.plist */ = {isa = PBXFileReference; lastKnownFileType = text.plist.xml; path = Info.plist; sourceTree = "<group>"; };
/* End PBXFileReference section */

/* Begin PBXFrameworksBuildPhase section */
		A00CD1A120E3FECB002E7599 /* Frameworks */ = {
			isa = PBXFrameworksBuildPhase;
			buildActionMask = 2147483647;
			files = (
			);
			runOnlyForDeploymentPostprocessing = 0;
		};
		A00CD1B920E3FECC002E7599 /* Frameworks */ = {
			isa = PBXFrameworksBuildPhase;
			buildActionMask = 2147483647;
			files = (
			);
			runOnlyForDeploymentPostprocessing = 0;
		};
		A00CD1C420E3FECD002E7599 /* Frameworks */ = {
			isa = PBXFrameworksBuildPhase;
			buildActionMask = 2147483647;
			files = (
			);
			runOnlyForDeploymentPostprocessing = 0;
		};
/* End PBXFrameworksBuildPhase section */

/* Begin PBXGroup section */
		A00CD19B20E3FECB002E7599 = {
			isa = PBXGroup;
			children = (
				A00CD1A620E3FECB002E7599 /* sampleCode */,
				A00CD1BF20E3FECC002E7599 /* sampleCodeTests */,
				A00CD1CA20E3FECD002E7599 /* sampleCodeUITests */,
				A00CD1A520E3FECB002E7599 /* Products */,
			);
			sourceTree = "<group>";
		};
		A00CD1A520E3FECB002E7599 /* Products */ = {
			isa = PBXGroup;
			children = (
				A00CD1A420E3FECB002E7599 /* sampleCode.app */,
				A00CD1BC20E3FECC002E7599 /* sampleCodeTests.xctest */,
				A00CD1C720E3FECD002E7599 /* sampleCodeUITests.xctest */,
			);
			name = Products;
			sourceTree = "<group>";
		};
		A00CD1A620E3FECB002E7599 /* sampleCode */ = {
			isa = PBXGroup;
			children = (
				A00CD1A720E3FECB002E7599 /* AppDelegate.h */,
				A00CD1A820E3FECB002E7599 /* AppDelegate.m */,
				A00CD1AA20E3FECB002E7599 /* ViewController.h */,
				A00CD1AB20E3FECC002E7599 /* ViewController.m */,
				A00CD1AD20E3FECC002E7599 /* Main.storyboard */,
				A00CD1B020E3FECC002E7599 /* Assets.xcassets */,
				A00CD1B220E3FECC002E7599 /* LaunchScreen.storyboard */,
				A00CD1B520E3FECC002E7599 /* Info.plist */,
				A00CD1B620E3FECC002E7599 /* main.m */,
			);
			path = sampleCode;
			sourceTree = "<group>";
		};
		A00CD1BF20E3FECC002E7599 /* sampleCodeTests */ = {
			isa = PBXGroup;
			children = (
				A00CD1C020E3FECD002E7599 /* sampleCodeTests.m */,
				A00CD1C220E3FECD002E7599 /* Info.plist */,
			);
			path = sampleCodeTests;
			sourceTree = "<group>";
		};
		A00CD1CA20E3FECD002E7599 /* sampleCodeUITests */ = {
			isa = PBXGroup;
			children = (
				A00CD1CB20E3FECD002E7599 /* sampleCodeUITests.m */,
				A00CD1CD20E3FECD002E7599 /* Info.plist */,
			);
			path = sampleCodeUITests;
			sourceTree = "<group>";
		};
/* End PBXGroup section */

/* Begin PBXNativeTarget section */
		A00CD1A320E3FECB002E7599 /* sampleCode */ = {
			isa = PBXNativeTarget;
			buildConfigurationList = A00CD1D020E3FECD002E7599 /* Build configuration list for PBXNativeTarget "sampleCode" */;
			buildPhases = (
				A00CD1A020E3FECB002E7599 /* Sources */,
				A00CD1A120E3FECB002E7599 /* Frameworks */,
				A00CD1A220E3FECB002E7599 /* Resources */,
			);
			buildRules = (
			);
			dependencies = (
			);
			name = sampleCode;
			productName = sampleCode;
			productReference = A00CD1A420E3FECB002E7599 /* sampleCode.app */;
			productType = "com.apple.product-type.application";
		};
		A00CD1BB20E3FECC002E7599 /* sampleCodeTests */ = {
			isa = PBXNativeTarget;
			buildConfigurationList = A00CD1D320E3FECD002E7599 /* Build configuration list for PBXNativeTarget "sampleCodeTests" */;
			buildPhases = (
				A00CD1B820E3FECC002E7599 /* Sources */,
				A00CD1B920E3FECC002E7599 /* Frameworks */,
				A00CD1BA20E3FECC002E7599 /* Resources */,
			);
			buildRules = (
			);
			dependencies = (
				A00CD1BE20E3FECC002E7599 /* PBXTargetDependency */,
			);
			name = sampleCodeTests;
			productName = sampleCodeTests;
			productReference = A00CD1BC20E3FECC002E7599 /* sampleCodeTests.xctest */;
			productType = "com.apple.product-type.bundle.unit-test";
		};
		A00CD1C620E3FECD002E7599 /* sampleCodeUITests */ = {
			isa = PBXNativeTarget;
			buildConfigurationList = A00CD1D620E3FECD002E7599 /* Build configuration list for PBXNativeTarget "sampleCodeUITests" */;
			buildPhases = (
				A00CD1C320E3FECD002E7599 /* Sources */,
				A00CD1C420E3FECD002E7599 /* Frameworks */,
				A00CD1C520E3FECD002E7599 /* Resources */,
			);
			buildRules = (
			);
			dependencies = (
				A00CD1C920E3FECD002E7599 /* PBXTargetDependency */,
			);
			name = sampleCodeUITests;
			productName = sampleCodeUITests;
			productReference = A00CD1C720E3FECD002E7599 /* sampleCodeUITests.xctest */;
			productType = "com.apple.product-type.bundle.ui-testing";
		};
/* End PBXNativeTarget section */

/* Begin PBXProject section */
		A00CD19C20E3FECB002E7599 /* Project object */ = {
			isa = PBXProject;
			attributes = {
				LastUpgradeCheck = 0940;
				ORGANIZATIONNAME = "Gisele Phalo";
				TargetAttributes = {
					A00CD1A320E3FECB002E7599 = {
						CreatedOnToolsVersion = 9.4.1;
					};
					A00CD1BB20E3FECC002E7599 = {
						CreatedOnToolsVersion = 9.4.1;
						TestTargetID = A00CD1A320E3FECB002E7599;
					};
					A00CD1C620E3FECD002E7599 = {
						CreatedOnToolsVersion = 9.4.1;
						TestTargetID = A00CD1A320E3FECB002E7599;
					};
				};
			};
			buildConfigurationList = A00CD19F20E3FECB002E7599 /* Build configuration list for PBXProject "sampleCode" */;
			compatibilityVersion = "Xcode 9.3";
			developmentRegion = en;
			hasScannedForEncodings = 0;
			knownRegions = (
				en,
				Base,
			);
			mainGroup = A00CD19B20E3FECB002E7599;
			productRefGroup = A00CD1A520E3FECB002E7599 /* Products */;
			projectDirPath = "";
			projectRoot = "";
			targets = (
				A00CD1A320E3FECB002E7599 /* sampleCode */,
				A00CD1BB20E3FECC002E7599 /* sampleCodeTests */,
				A00CD1C620E3FECD002E7599 /* sampleCodeUITests */,
			);
		};
/* End PBXProject section */

/* Begin PBXResourcesBuildPhase section */
		A00CD1A220E3FECB002E7599 /* Resources */ = {
			isa = PBXResourcesBuildPhase;
			buildActionMask = 2147483647;
			files = (
				A00CD1B420E3FECC002E7599 /* LaunchScreen.storyboard in Resources */,
				A00CD1B120E3FECC002E7599 /* Assets.xcassets in Resources */,
				A00CD1AF20E3FECC002E7599 /* Main.storyboard in Resources */,
			);
			runOnlyForDeploymentPostprocessing = 0;
		};
		A00CD1BA20E3FECC002E7599 /* Resources */ = {
			isa = PBXResourcesBuildPhase;
			buildActionMask = 2147483647;
			files = (
			);
			runOnlyForDeploymentPostprocessing = 0;
		};
		A00CD1C520E3FECD002E7599 /* Resources */ = {
			isa = PBXResourcesBuildPhase;
			buildActionMask = 2147483647;
			files = (
			);
			runOnlyForDeploymentPostprocessing = 0;
		};
/* End PBXResourcesBuildPhase section */

/* Begin PBXSourcesBuildPhase section */
		A00CD1A020E3FECB002E7599 /* Sources */ = {
			isa = PBXSourcesBuildPhase;
			buildActionMask = 2147483647;
			files = (
				A00CD1AC20E3FECC002E7599 /* ViewController.m in Sources */,
				A00CD1B720E3FECC002E7599 /* main.m in Sources */,
				A00CD1A920E3FECB002E7599 /* AppDelegate.m in Sources */,
			);
			runOnlyForDeploymentPostprocessing = 0;
		};
		A00CD1B820E3FECC002E7599 /* Sources */ = {
			isa = PBXSourcesBuildPhase;
			buildActionMask = 2147483647;
			files = (
				A00CD1C120E3FECD002E7599 /* sampleCodeTests.m in Sources */,
			);
			runOnlyForDeploymentPostprocessing = 0;
		};
		A00CD1C320E3FECD002E7599 /* Sources */ = {
			isa = PBXSourcesBuildPhase;
			buildActionMask = 2147483647;
			files = (
				A00CD1CC20E3FECD002E7599 /* sampleCodeUITests.m in Sources */,
			);
			runOnlyForDeploymentPostprocessing = 0;
		};
/* End PBXSourcesBuildPhase section */

/* Begin PBXTargetDependency section */
		A00CD1BE20E3FECC002E7599 /* PBXTargetDependency */ = {
			isa = PBXTargetDependency;
			target = A00CD1A320E3FECB002E7599 /* sampleCode */;
			targetProxy = A00CD1BD20E3FECC002E7599 /* PBXContainerItemProxy */;
		};
		A00CD1C920E3FECD002E7599 /* PBXTargetDependency */ = {
			isa = PBXTargetDependency;
			target = A00CD1A320E3FECB002E7599 /* sampleCode */;
			targetProxy = A00CD1C820E3FECD002E7599 /* PBXContainerItemProxy */;
		};
/* End PBXTargetDependency section */

/* Begin PBXVariantGroup section */
		A00CD1AD20E3FECC002E7599 /* Main.storyboard */ = {
			isa = PBXVariantGroup;
			children = (
				A00CD1AE20E3FECC002E7599 /* Base */,
			);
			name = Main.storyboard;
			sourceTree = "<group>";
		};
		A00CD1B220E3FECC002E7599 /* LaunchScreen.storyboard */ = {
			isa = PBXVariantGroup;
			children = (
				A00CD1B320E3FECC002E7599 /* Base */,
			);
			name = LaunchScreen.storyboard;
			sourceTree = "<group>";
		};
/* End PBXVariantGroup section */

/* Begin XCBuildConfiguration section */
		A00CD1CE20E3FECD002E7599 /* Debug */ = {
			isa = XCBuildConfiguration;
			buildSettings = {
				ALWAYS_SEARCH_USER_PATHS = NO;
				CLANG_ANALYZER_NONNULL = YES;
				CLANG_ANALYZER_NUMBER_OBJECT_CONVERSION = YES_AGGRESSIVE;
				CLANG_CXX_LANGUAGE_STANDARD = "gnu++14";
				CLANG_CXX_LIBRARY = "libc++";
				CLANG_ENABLE_MODULES = YES;
				CLANG_ENABLE_OBJC_ARC = YES;
				CLANG_ENABLE_OBJC_WEAK = YES;
				CLANG_WARN_BLOCK_CAPTURE_AUTORELEASING = YES;
				CLANG_WARN_BOOL_CONVERSION = YES;
				CLANG_WARN_COMMA = YES;
				CLANG_WARN_CONSTANT_CONVERSION = YES;
				CLANG_WARN_DEPRECATED_OBJC_IMPLEMENTATIONS = YES;
				CLANG_WARN_DIRECT_OBJC_ISA_USAGE = YES_ERROR;
				CLANG_WARN_DOCUMENTATION_COMMENTS = YES;
				CLANG_WARN_EMPTY_BODY = YES;
				CLANG_WARN_ENUM_CONVERSION = YES;
				CLANG_WARN_INFINITE_RECURSION = YES;
				CLANG_WARN_INT_CONVERSION = YES;
				CLANG_WARN_NON_LITERAL_NULL_CONVERSION = YES;
				CLANG_WARN_OBJC_IMPLICIT_RETAIN_SELF = YES;
				CLANG_WARN_OBJC_LITERAL_CONVERSION = YES;
				CLANG_WARN_OBJC_ROOT_CLASS = YES_ERROR;
				CLANG_WARN_RANGE_LOOP_ANALYSIS = YES;
				CLANG_WARN_STRICT_PROTOTYPES = YES;
				CLANG_WARN_SUSPICIOUS_MOVE = YES;
				CLANG_WARN_UNGUARDED_AVAILABILITY = YES_AGGRESSIVE;
				CLANG_WARN_UNREACHABLE_CODE = YES;
				CLANG_WARN__DUPLICATE_METHOD_MATCH = YES;
				CODE_SIGN_IDENTITY = "iPhone Developer";
				COPY_PHASE_STRIP = NO;
				DEBUG_INFORMATION_FORMAT = dwarf;
				ENABLE_STRICT_OBJC_MSGSEND = YES;
				ENABLE_TESTABILITY = YES;
				GCC_C_LANGUAGE_STANDARD = gnu11;
				GCC_DYNAMIC_NO_PIC = NO;
				GCC_NO_COMMON_BLOCKS = YES;
				GCC_OPTIMIZATION_LEVEL = 0;
				GCC_PREPROCESSOR_DEFINITIONS = (
					"DEBUG=1",
					"$(inherited)",
				);
				GCC_WARN_64_TO_32_BIT_CONVERSION = YES;
				GCC_WARN_ABOUT_RETURN_TYPE = YES_ERROR;
				GCC_WARN_UNDECLARED_SELECTOR = YES;
				GCC_WARN_UNINITIALIZED_AUTOS = YES_AGGRESSIVE;
				GCC_WARN_UNUSED_FUNCTION = YES;
				GCC_WARN_UNUSED_VARIABLE = YES;
				IPHONEOS_DEPLOYMENT_TARGET = 11.4;
				MTL_ENABLE_DEBUG_INFO = YES;
				ONLY_ACTIVE_ARCH = YES;
				SDKROOT = iphoneos;
			};
			name = Debug;
		};
		A00CD1CF20E3FECD002E7599 /* Release */ = {
			isa = XCBuildConfiguration;
			buildSettings = {
				ALWAYS_SEARCH_USER_PATHS = NO;
				CLANG_ANALYZER_NONNULL = YES;
				CLANG_ANALYZER_NUMBER_OBJECT_CONVERSION = YES_AGGRESSIVE;
				CLANG_CXX_LANGUAGE_STANDARD = "gnu++14";
				CLANG_CXX_LIBRARY = "libc++";
				CLANG_ENABLE_MODULES = YES;
				CLANG_ENABLE_OBJC_ARC = YES;
				CLANG_ENABLE_OBJC_WEAK = YES;
				CLANG_WARN_BLOCK_CAPTURE_AUTORELEASING = YES;
				CLANG_WARN_BOOL_CONVERSION = YES;
				CLANG_WARN_COMMA = YES;
				CLANG_WARN_CONSTANT_CONVERSION = YES;
				CLANG_WARN_DEPRECATED_OBJC_IMPLEMENTATIONS = YES;
				CLANG_WARN_DIRECT_OBJC_ISA_USAGE = YES_ERROR;
				CLANG_WARN_DOCUMENTATION_COMMENTS = YES;
				CLANG_WARN_EMPTY_BODY = YES;
				CLANG_WARN_ENUM_CONVERSION = YES;
				CLANG_WARN_INFINITE_RECURSION = YES;
				CLANG_WARN_INT_CONVERSION = YES;
				CLANG_WARN_NON_LITERAL_NULL_CONVERSION = YES;
				CLANG_WARN_OBJC_IMPLICIT_RETAIN_SELF = YES;
				CLANG_WARN_OBJC_LITERAL_CONVERSION = YES;
				CLANG_WARN_OBJC_ROOT_CLASS = YES_ERROR;
				CLANG_WARN_RANGE_LOOP_ANALYSIS = YES;
				CLANG_WARN_STRICT_PROTOTYPES = YES;
				CLANG_WARN_SUSPICIOUS_MOVE = YES;
				CLANG_WARN_UNGUARDED_AVAILABILITY = YES_AGGRESSIVE;
				CLANG_WARN_UNREACHABLE_CODE = YES;
				CLANG_WARN__DUPLICATE_METHOD_MATCH = YES;
				CODE_SIGN_IDENTITY = "iPhone Developer";
				COPY_PHASE_STRIP = NO;
				DEBUG_INFORMATION_FORMAT = "dwarf-with-dsym";
				ENABLE_NS_ASSERTIONS = NO;
				ENABLE_STRICT_OBJC_MSGSEND = YES;
				GCC_C_LANGUAGE_STANDARD = gnu11;
				GCC_NO_COMMON_BLOCKS = YES;
				GCC_WARN_64_TO_32_BIT_CONVERSION = YES;
				GCC_WARN_ABOUT_RETURN_TYPE = YES_ERROR;
				GCC_WARN_UNDECLARED_SELECTOR = YES;
				GCC_WARN_UNINITIALIZED_AUTOS = YES_AGGRESSIVE;
				GCC_WARN_UNUSED_FUNCTION = YES;
				GCC_WARN_UNUSED_VARIABLE = YES;
				IPHONEOS_DEPLOYMENT_TARGET = 11.4;
				MTL_ENABLE_DEBUG_INFO = NO;
				SDKROOT = iphoneos;
				VALIDATE_PRODUCT = YES;
			};
			name = Release;
		};
		A00CD1D120E3FECD002E7599 /* Debug */ = {
			isa = XCBuildConfiguration;
			buildSettings = {
				ASSETCATALOG_COMPILER_APPICON_NAME = AppIcon;
				CODE_SIGN_STYLE = Automatic;
				DEVELOPMENT_TEAM = 66GB8PCMW6;
				INFOPLIST_FILE = sampleCode/Info.plist;
				LD_RUNPATH_SEARCH_PATHS = (
					"$(inherited)",
					"@executable_path/Frameworks",
				);
				PRODUCT_BUNDLE_IDENTIFIER = gdp.sampleCode;
				PRODUCT_NAME = "$(TARGET_NAME)";
				TARGETED_DEVICE_FAMILY = "1,2";
			};
			name = Debug;
		};
		A00CD1D220E3FECD002E7599 /* Release */ = {
			isa = XCBuildConfiguration;
			buildSettings = {
				ASSETCATALOG_COMPILER_APPICON_NAME = AppIcon;
				CODE_SIGN_STYLE = Automatic;
				DEVELOPMENT_TEAM = 66GB8PCMW6;
				INFOPLIST_FILE = sampleCode/Info.plist;
				LD_RUNPATH_SEARCH_PATHS = (
					"$(inherited)",
					"@executable_path/Frameworks",
				);
				PRODUCT_BUNDLE_IDENTIFIER = gdp.sampleCode;
				PRODUCT_NAME = "$(TARGET_NAME)";
				TARGETED_DEVICE_FAMILY = "1,2";
			};
			name = Release;
		};
		A00CD1D420E3FECD002E7599 /* Debug */ = {
			isa = XCBuildConfiguration;
			buildSettings = {
				BUNDLE_LOADER = "$(TEST_HOST)";
				CODE_SIGN_STYLE = Automatic;
				DEVELOPMENT_TEAM = 66GB8PCMW6;
				INFOPLIST_FILE = sampleCodeTests/Info.plist;
				LD_RUNPATH_SEARCH_PATHS = (
					"$(inherited)",
					"@executable_path/Frameworks",
					"@loader_path/Frameworks",
				);
				PRODUCT_BUNDLE_IDENTIFIER = gdp.sampleCodeTests;
				PRODUCT_NAME = "$(TARGET_NAME)";
				TARGETED_DEVICE_FAMILY = "1,2";
				TEST_HOST = "$(BUILT_PRODUCTS_DIR)/sampleCode.app/sampleCode";
			};
			name = Debug;
		};
		A00CD1D520E3FECD002E7599 /* Release */ = {
			isa = XCBuildConfiguration;
			buildSettings = {
				BUNDLE_LOADER = "$(TEST_HOST)";
				CODE_SIGN_STYLE = Automatic;
				DEVELOPMENT_TEAM = 66GB8PCMW6;
				INFOPLIST_FILE = sampleCodeTests/Info.plist;
				LD_RUNPATH_SEARCH_PATHS = (
					"$(inherited)",
					"@executable_path/Frameworks",
					"@loader_path/Frameworks",
				);
				PRODUCT_BUNDLE_IDENTIFIER = gdp.sampleCodeTests;
				PRODUCT_NAME = "$(TARGET_NAME)";
				TARGETED_DEVICE_FAMILY = "1,2";
				TEST_HOST = "$(BUILT_PRODUCTS_DIR)/sampleCode.app/sampleCode";
			};
			name = Release;
		};
		A00CD1D720E3FECD002E7599 /* Debug */ = {
			isa = XCBuildConfiguration;
			buildSettings = {
				CODE_SIGN_STYLE = Automatic;
				DEVELOPMENT_TEAM = 66GB8PCMW6;
				INFOPLIST_FILE = sampleCodeUITests/Info.plist;
				LD_RUNPATH_SEARCH_PATHS = (
					"$(inherited)",
					"@executable_path/Frameworks",
					"@loader_path/Frameworks",
				);
				PRODUCT_BUNDLE_IDENTIFIER = gdp.sampleCodeUITests;
				PRODUCT_NAME = "$(TARGET_NAME)";
				TARGETED_DEVICE_FAMILY = "1,2";
				TEST_TARGET_NAME = sampleCode;
			};
			name = Debug;
		};
		A00CD1D820E3FECD002E7599 /* Release */ = {
			isa = XCBuildConfiguration;
			buildSettings = {
				CODE_SIGN_STYLE = Automatic;
				DEVELOPMENT_TEAM = 66GB8PCMW6;
				INFOPLIST_FILE = sampleCodeUITests/Info.plist;
				LD_RUNPATH_SEARCH_PATHS = (
					"$(inherited)",
					"@executable_path/Frameworks",
					"@loader_path/Frameworks",
				);
				PRODUCT_BUNDLE_IDENTIFIER = gdp.sampleCodeUITests;
				PRODUCT_NAME = "$(TARGET_NAME)";
				TARGETED_DEVICE_FAMILY = "1,2";
				TEST_TARGET_NAME = sampleCode;
			};
			name = Release;
		};
/* End XCBuildConfiguration section */

/* Begin XCConfigurationList section */
		A00CD19F20E3FECB002E7599 /* Build configuration list for PBXProject "sampleCode" */ = {
			isa = XCConfigurationList;
			buildConfigurations = (
				A00CD1CE20E3FECD002E7599 /* Debug */,
				A00CD1CF20E3FECD002E7599 /* Release */,
			);
			defaultConfigurationIsVisible = 0;
			defaultConfigurationName = Release;
		};
		A00CD1D020E3FECD002E7599 /* Build configuration list for PBXNativeTarget "sampleCode" */ = {
			isa = XCConfigurationList;
			buildConfigurations = (
				A00CD1D120E3FECD002E7599 /* Debug */,
				A00CD1D220E3FECD002E7599 /* Release */,
			);
			defaultConfigurationIsVisible = 0;
			defaultConfigurationName = Release;
		};
		A00CD1D320E3FECD002E7599 /* Build configuration list for PBXNativeTarget "sampleCodeTests" */ = {
			isa = XCConfigurationList;
			buildConfigurations = (
				A00CD1D420E3FECD002E7599 /* Debug */,
				A00CD1D520E3FECD002E7599 /* Release */,
			);
			defaultConfigurationIsVisible = 0;
			defaultConfigurationName = Release;
		};
		A00CD1D620E3FECD002E7599 /* Build configuration list for PBXNativeTarget "sampleCodeUITests" */ = {
			isa = XCConfigurationList;
			buildConfigurations = (
				A00CD1D720E3FECD002E7599 /* Debug */,
				A00CD1D820E3FECD002E7599 /* Release */,
			);
			defaultConfigurationIsVisible = 0;
			defaultConfigurationName = Release;
		};
/* End XCConfigurationList section */
	};
	rootObject = A00CD19C20E3FECB002E7599 /* Project object */;
}
